
Microsoft Visual Studio Solution File, Format Version 12.00
# Visual Studio 15
VisualStudioVersion = 15.0.27703.2047
MinimumVisualStudioVersion = 10.0.40219.1
Project("{FAE04EC0-301F-11D3-BF4B-00C04F79EFBC}") = "AskKirk", "AskKirk\AskKirk.csproj", "{1453CCCE-1952-45E7-BCAC-FF8486189603}"
EndProject
Global
	GlobalSection(SolutionConfigurationPlatforms) = preSolution
		Debug|Any CPU = Debug|Any CPU
		Release|Any CPU = Release|Any CPU
	EndGlobalSection
	GlobalSection(ProjectConfigurationPlatforms) = postSolution
		{1453CCCE-1952-45E7-BCAC-FF8486189603}.Debug|Any CPU.ActiveCfg = Debug|Any CPU
		{1453CCCE-1952-45E7-BCAC-FF8486189603}.Debug|Any CPU.Build.0 = Debug|Any CPU
		{1453CCCE-1952-45E7-BCAC-FF8486189603}.Release|Any CPU.ActiveCfg = Release|Any CPU
		{1453CCCE-1952-45E7-BCAC-FF8486189603}.Release|Any CPU.Build.0 = Release|Any CPU
	EndGlobalSection
	GlobalSection(SolutionProperties) = preSolution
		HideSolutionNode = FALSE
	EndGlobalSection
	GlobalSection(ExtensibilityGlobals) = postSolution
		SolutionGuid = {0AB2787C-8DDF-4B54-8FCC-FAB9E1157139}
	EndGlobalSection
EndGlobal
